
Microsoft Visual Studio Solution File, Format Version 12.00
# Visual Studio Version 17
VisualStudioVersion = 17.9.34728.123
MinimumVisualStudioVersion = 10.0.40219.1
Project("{FAE04EC0-301F-11D3-BF4B-00C04F79EFBC}") = "Assessment1", "Assessment1\Assessment1.csproj", "{EF0A185C-1E87-48C4-8025-48CB346C0CF6}"
EndProject
Global
	GlobalSection(SolutionConfigurationPlatforms) = preSolution
		Debug|Any CPU = Debug|Any CPU
		Release|Any CPU = Release|Any CPU
	EndGlobalSection
	GlobalSection(ProjectConfigurationPlatforms) = postSolution
		{EF0A185C-1E87-48C4-8025-48CB346C0CF6}.Debug|Any CPU.ActiveCfg = Debug|Any CPU
		{EF0A185C-1E87-48C4-8025-48CB346C0CF6}.Debug|Any CPU.Build.0 = Debug|Any CPU
		{EF0A185C-1E87-48C4-8025-48CB346C0CF6}.Release|Any CPU.ActiveCfg = Release|Any CPU
		{EF0A185C-1E87-48C4-8025-48CB346C0CF6}.Release|Any CPU.Build.0 = Release|Any CPU
	EndGlobalSection
	GlobalSection(SolutionProperties) = preSolution
		HideSolutionNode = FALSE
	EndGlobalSection
	GlobalSection(ExtensibilityGlobals) = postSolution
		SolutionGuid = {2A7B82EA-96F3-42C6-BFB7-CC2CB628AB31}
	EndGlobalSection
EndGlobal
