
Microsoft Visual Studio Solution File, Format Version 12.00
# Visual Studio Version 17
VisualStudioVersion = 17.9.34728.123
MinimumVisualStudioVersion = 10.0.40219.1
Project("{FAE04EC0-301F-11D3-BF4B-00C04F79EFBC}") = "RestaurantFavesLab", "RestaurantFavesLab\RestaurantFavesLab.csproj", "{DD5CEC7A-7400-4B3E-9493-2BDA63BC4F9A}"
EndProject
Global
	GlobalSection(SolutionConfigurationPlatforms) = preSolution
		Debug|Any CPU = Debug|Any CPU
		Release|Any CPU = Release|Any CPU
	EndGlobalSection
	GlobalSection(ProjectConfigurationPlatforms) = postSolution
		{DD5CEC7A-7400-4B3E-9493-2BDA63BC4F9A}.Debug|Any CPU.ActiveCfg = Debug|Any CPU
		{DD5CEC7A-7400-4B3E-9493-2BDA63BC4F9A}.Debug|Any CPU.Build.0 = Debug|Any CPU
		{DD5CEC7A-7400-4B3E-9493-2BDA63BC4F9A}.Release|Any CPU.ActiveCfg = Release|Any CPU
		{DD5CEC7A-7400-4B3E-9493-2BDA63BC4F9A}.Release|Any CPU.Build.0 = Release|Any CPU
	EndGlobalSection
	GlobalSection(SolutionProperties) = preSolution
		HideSolutionNode = FALSE
	EndGlobalSection
	GlobalSection(ExtensibilityGlobals) = postSolution
		SolutionGuid = {32462488-7274-425E-9A55-CFC1D22DE319}
	EndGlobalSection
EndGlobal
